// !$*UTF8*$!
{
	archiveVersion = 1;
	classes = {
	};
	objectVersion = 50;
	objects = {

/* Begin PBXBuildFile section */
		31CE080826A15353001071DC /* AppDelegate.swift in Sources */ = {isa = PBXBuildFile; fileRef = 31CE080726A15353001071DC /* AppDelegate.swift */; };
		31CE080A26A15353001071DC /* SceneDelegate.swift in Sources */ = {isa = PBXBuildFile; fileRef = 31CE080926A15353001071DC /* SceneDelegate.swift */; };
		31CE080C26A15353001071DC /* ViewController.swift in Sources */ = {isa = PBXBuildFile; fileRef = 31CE080B26A15353001071DC /* ViewController.swift */; };
		31CE080F26A15353001071DC /* Main.storyboard in Resources */ = {isa = PBXBuildFile; fileRef = 31CE080D26A15353001071DC /* Main.storyboard */; };
		31CE081126A15356001071DC /* Assets.xcassets in Resources */ = {isa = PBXBuildFile; fileRef = 31CE081026A15356001071DC /* Assets.xcassets */; };
		31CE081426A15356001071DC /* LaunchScreen.storyboard in Resources */ = {isa = PBXBuildFile; fileRef = 31CE081226A15356001071DC /* LaunchScreen.storyboard */; };
		31CE081C26A15522001071DC /* Concentration.swift in Sources */ = {isa = PBXBuildFile; fileRef = 31CE081B26A15522001071DC /* Concentration.swift */; };
		31CE081E26A15590001071DC /* Card.swift in Sources */ = {isa = PBXBuildFile; fileRef = 31CE081D26A15590001071DC /* Card.swift */; };
		31CE082326A1B092001071DC /* Theme.swift in Sources */ = {isa = PBXBuildFile; fileRef = 31CE082226A1B092001071DC /* Theme.swift */; };
/* End PBXBuildFile section */

/* Begin PBXFileReference section */
		31CE080426A15353001071DC /* cs193p2017Assignment.app */ = {isa = PBXFileReference; explicitFileType = wrapper.application; includeInIndex = 0; path = cs193p2017Assignment.app; sourceTree = BUILT_PRODUCTS_DIR; };
		31CE080726A15353001071DC /* AppDelegate.swift */ = {isa = PBXFileReference; lastKnownFileType = sourcecode.swift; path = AppDelegate.swift; sourceTree = "<group>"; };
		31CE080926A15353001071DC /* SceneDelegate.swift */ = {isa = PBXFileReference; lastKnownFileType = sourcecode.swift; path = SceneDelegate.swift; sourceTree = "<group>"; };
		31CE080B26A15353001071DC /* ViewController.swift */ = {isa = PBXFileReference; lastKnownFileType = sourcecode.swift; path = ViewController.swift; sourceTree = "<group>"; };
		31CE080E26A15353001071DC /* Base */ = {isa = PBXFileReference; lastKnownFileType = file.storyboard; name = Base; path = Base.lproj/Main.storyboard; sourceTree = "<group>"; };
		31CE081026A15356001071DC /* Assets.xcassets */ = {isa = PBXFileReference; lastKnownFileType = folder.assetcatalog; path = Assets.xcassets; sourceTree = "<group>"; };
		31CE081326A15356001071DC /* Base */ = {isa = PBXFileReference; lastKnownFileType = file.storyboard; name = Base; path = Base.lproj/LaunchScreen.storyboard; sourceTree = "<group>"; };
		31CE081526A15356001071DC /* Info.plist */ = {isa = PBXFileReference; lastKnownFileType = text.plist.xml; path = Info.plist; sourceTree = "<group>"; };
		31CE081B26A15522001071DC /* Concentration.swift */ = {isa = PBXFileReference; lastKnownFileType = sourcecode.swift; path = Concentration.swift; sourceTree = "<group>"; };
		31CE081D26A15590001071DC /* Card.swift */ = {isa = PBXFileReference; lastKnownFileType = sourcecode.swift; path = Card.swift; sourceTree = "<group>"; };
		31CE082226A1B092001071DC /* Theme.swift */ = {isa = PBXFileReference; lastKnownFileType = sourcecode.swift; path = Theme.swift; sourceTree = "<group>"; };
/* End PBXFileReference section */

/* Begin PBXFrameworksBuildPhase section */
		31CE080126A15353001071DC /* Frameworks */ = {
			isa = PBXFrameworksBuildPhase;
			buildActionMask = 2147483647;
			files = (
			);
			runOnlyForDeploymentPostprocessing = 0;
		};
/* End PBXFrameworksBuildPhase section */

/* Begin PBXGroup section */
		31CE07FB26A15352001071DC = {
			isa = PBXGroup;
			children = (
				31CE080626A15353001071DC /* cs193p2017Assignment */,
				31CE080526A15353001071DC /* Products */,
			);
			sourceTree = "<group>";
		};
		31CE080526A15353001071DC /* Products */ = {
			isa = PBXGroup;
			children = (
				31CE080426A15353001071DC /* cs193p2017Assignment.app */,
			);
			name = Products;
			sourceTree = "<group>";
		};
		31CE080626A15353001071DC /* cs193p2017Assignment */ = {
			isa = PBXGroup;
			children = (
				31CE080726A15353001071DC /* AppDelegate.swift */,
				31CE080926A15353001071DC /* SceneDelegate.swift */,
				31CE080B26A15353001071DC /* ViewController.swift */,
				31CE080D26A15353001071DC /* Main.storyboard */,
				31CE081026A15356001071DC /* Assets.xcassets */,
				31CE081226A15356001071DC /* LaunchScreen.storyboard */,
				31CE081526A15356001071DC /* Info.plist */,
				31CE081B26A15522001071DC /* Concentration.swift */,
				31CE081D26A15590001071DC /* Card.swift */,
				31CE082226A1B092001071DC /* Theme.swift */,
			);
			path = cs193p2017Assignment;
			sourceTree = "<group>";
		};
/* End PBXGroup section */

/* Begin PBXNativeTarget section */
		31CE080326A15353001071DC /* cs193p2017Assignment */ = {
			isa = PBXNativeTarget;
			buildConfigurationList = 31CE081826A15356001071DC /* Build configuration list for PBXNativeTarget "cs193p2017Assignment" */;
			buildPhases = (
				31CE080026A15353001071DC /* Sources */,
				31CE080126A15353001071DC /* Frameworks */,
				31CE080226A15353001071DC /* Resources */,
			);
			buildRules = (
			);
			dependencies = (
			);
			name = cs193p2017Assignment;
			productName = cs193p2017Assignment;
			productReference = 31CE080426A15353001071DC /* cs193p2017Assignment.app */;
			productType = "com.apple.product-type.application";
		};
/* End PBXNativeTarget section */

/* Begin PBXProject section */
		31CE07FC26A15352001071DC /* Project object */ = {
			isa = PBXProject;
			attributes = {
				LastSwiftUpdateCheck = 1250;
				LastUpgradeCheck = 1250;
				TargetAttributes = {
					31CE080326A15353001071DC = {
						CreatedOnToolsVersion = 12.5.1;
					};
				};
			};
			buildConfigurationList = 31CE07FF26A15352001071DC /* Build configuration list for PBXProject "cs193p2017Assignment" */;
			compatibilityVersion = "Xcode 9.3";
			developmentRegion = en;
			hasScannedForEncodings = 0;
			knownRegions = (
				en,
				Base,
			);
			mainGroup = 31CE07FB26A15352001071DC;
			productRefGroup = 31CE080526A15353001071DC /* Products */;
			projectDirPath = "";
			projectRoot = "";
			targets = (
				31CE080326A15353001071DC /* cs193p2017Assignment */,
			);
		};
/* End PBXProject section */

/* Begin PBXResourcesBuildPhase section */
		31CE080226A15353001071DC /* Resources */ = {
			isa = PBXResourcesBuildPhase;
			buildActionMask = 2147483647;
			files = (
				31CE081426A15356001071DC /* LaunchScreen.storyboard in Resources */,
				31CE081126A15356001071DC /* Assets.xcassets in Resources */,
				31CE080F26A15353001071DC /* Main.storyboard in Resources */,
			);
			runOnlyForDeploymentPostprocessing = 0;
		};
/* End PBXResourcesBuildPhase section */

/* Begin PBXSourcesBuildPhase section */
		31CE080026A15353001071DC /* Sources */ = {
			isa = PBXSourcesBuildPhase;
			buildActionMask = 2147483647;
			files = (
				31CE080C26A15353001071DC /* ViewController.swift in Sources */,
				31CE081C26A15522001071DC /* Concentration.swift in Sources */,
				31CE081E26A15590001071DC /* Card.swift in Sources */,
				31CE082326A1B092001071DC /* Theme.swift in Sources */,
				31CE080826A15353001071DC /* AppDelegate.swift in Sources */,
				31CE080A26A15353001071DC /* SceneDelegate.swift in Sources */,
			);
			runOnlyForDeploymentPostprocessing = 0;
		};
/* End PBXSourcesBuildPhase section */

/* Begin PBXVariantGroup section */
		31CE080D26A15353001071DC /* Main.storyboard */ = {
			isa = PBXVariantGroup;
			children = (
				31CE080E26A15353001071DC /* Base */,
			);
			name = Main.storyboard;
			sourceTree = "<group>";
		};
		31CE081226A15356001071DC /* LaunchScreen.storyboard */ = {
			isa = PBXVariantGroup;
			children = (
				31CE081326A15356001071DC /* Base */,
			);
			name = LaunchScreen.storyboard;
			sourceTree = "<group>";
		};
/* End PBXVariantGroup section */

/* Begin XCBuildConfiguration section */
		31CE081626A15356001071DC /* Debug */ = {
			isa = XCBuildConfiguration;
			buildSettings = {
				ALWAYS_SEARCH_USER_PATHS = NO;
				CLANG_ANALYZER_NONNULL = YES;
				CLANG_ANALYZER_NUMBER_OBJECT_CONVERSION = YES_AGGRESSIVE;
				CLANG_CXX_LANGUAGE_STANDARD = "gnu++14";
				CLANG_CXX_LIBRARY = "libc++";
				CLANG_ENABLE_MODULES = YES;
				CLANG_ENABLE_OBJC_ARC = YES;
				CLANG_ENABLE_OBJC_WEAK = YES;
				CLANG_WARN_BLOCK_CAPTURE_AUTORELEASING = YES;
				CLANG_WARN_BOOL_CONVERSION = YES;
				CLANG_WARN_COMMA = YES;
				CLANG_WARN_CONSTANT_CONVERSION = YES;
				CLANG_WARN_DEPRECATED_OBJC_IMPLEMENTATIONS = YES;
				CLANG_WARN_DIRECT_OBJC_ISA_USAGE = YES_ERROR;
				CLANG_WARN_DOCUMENTATION_COMMENTS = YES;
				CLANG_WARN_EMPTY_BODY = YES;
				CLANG_WARN_ENUM_CONVERSION = YES;
				CLANG_WARN_INFINITE_RECURSION = YES;
				CLANG_WARN_INT_CONVERSION = YES;
				CLANG_WARN_NON_LITERAL_NULL_CONVERSION = YES;
				CLANG_WARN_OBJC_IMPLICIT_RETAIN_SELF = YES;
				CLANG_WARN_OBJC_LITERAL_CONVERSION = YES;
				CLANG_WARN_OBJC_ROOT_CLASS = YES_ERROR;
				CLANG_WARN_QUOTED_INCLUDE_IN_FRAMEWORK_HEADER = YES;
				CLANG_WARN_RANGE_LOOP_ANALYSIS = YES;
				CLANG_WARN_STRICT_PROTOTYPES = YES;
				CLANG_WARN_SUSPICIOUS_MOVE = YES;
				CLANG_WARN_UNGUARDED_AVAILABILITY = YES_AGGRESSIVE;
				CLANG_WARN_UNREACHABLE_CODE = YES;
				CLANG_WARN__DUPLICATE_METHOD_MATCH = YES;
				COPY_PHASE_STRIP = NO;
				DEBUG_INFORMATION_FORMAT = dwarf;
				ENABLE_STRICT_OBJC_MSGSEND = YES;
				ENABLE_TESTABILITY = YES;
				GCC_C_LANGUAGE_STANDARD = gnu11;
				GCC_DYNAMIC_NO_PIC = NO;
				GCC_NO_COMMON_BLOCKS = YES;
				GCC_OPTIMIZATION_LEVEL = 0;
				GCC_PREPROCESSOR_DEFINITIONS = (
					"DEBUG=1",
					"$(inherited)",
				);
				GCC_WARN_64_TO_32_BIT_CONVERSION = YES;
				GCC_WARN_ABOUT_RETURN_TYPE = YES_ERROR;
				GCC_WARN_UNDECLARED_SELECTOR = YES;
				GCC_WARN_UNINITIALIZED_AUTOS = YES_AGGRESSIVE;
				GCC_WARN_UNUSED_FUNCTION = YES;
				GCC_WARN_UNUSED_VARIABLE = YES;
				IPHONEOS_DEPLOYMENT_TARGET = 14.5;
				MTL_ENABLE_DEBUG_INFO = INCLUDE_SOURCE;
				MTL_FAST_MATH = YES;
				ONLY_ACTIVE_ARCH = YES;
				SDKROOT = iphoneos;
				SWIFT_ACTIVE_COMPILATION_CONDITIONS = DEBUG;
				SWIFT_OPTIMIZATION_LEVEL = "-Onone";
			};
			name = Debug;
		};
		31CE081726A15356001071DC /* Release */ = {
			isa = XCBuildConfiguration;
			buildSettings = {
				ALWAYS_SEARCH_USER_PATHS = NO;
				CLANG_ANALYZER_NONNULL = YES;
				CLANG_ANALYZER_NUMBER_OBJECT_CONVERSION = YES_AGGRESSIVE;
				CLANG_CXX_LANGUAGE_STANDARD = "gnu++14";
				CLANG_CXX_LIBRARY = "libc++";
				CLANG_ENABLE_MODULES = YES;
				CLANG_ENABLE_OBJC_ARC = YES;
				CLANG_ENABLE_OBJC_WEAK = YES;
				CLANG_WARN_BLOCK_CAPTURE_AUTORELEASING = YES;
				CLANG_WARN_BOOL_CONVERSION = YES;
				CLANG_WARN_COMMA = YES;
				CLANG_WARN_CONSTANT_CONVERSION = YES;
				CLANG_WARN_DEPRECATED_OBJC_IMPLEMENTATIONS = YES;
				CLANG_WARN_DIRECT_OBJC_ISA_USAGE = YES_ERROR;
				CLANG_WARN_DOCUMENTATION_COMMENTS = YES;
				CLANG_WARN_EMPTY_BODY = YES;
				CLANG_WARN_ENUM_CONVERSION = YES;
				CLANG_WARN_INFINITE_RECURSION = YES;
				CLANG_WARN_INT_CONVERSION = YES;
				CLANG_WARN_NON_LITERAL_NULL_CONVERSION = YES;
				CLANG_WARN_OBJC_IMPLICIT_RETAIN_SELF = YES;
				CLANG_WARN_OBJC_LITERAL_CONVERSION = YES;
				CLANG_WARN_OBJC_ROOT_CLASS = YES_ERROR;
				CLANG_WARN_QUOTED_INCLUDE_IN_FRAMEWORK_HEADER = YES;
				CLANG_WARN_RANGE_LOOP_ANALYSIS = YES;
				CLANG_WARN_STRICT_PROTOTYPES = YES;
				CLANG_WARN_SUSPICIOUS_MOVE = YES;
				CLANG_WARN_UNGUARDED_AVAILABILITY = YES_AGGRESSIVE;
				CLANG_WARN_UNREACHABLE_CODE = YES;
				CLANG_WARN__DUPLICATE_METHOD_MATCH = YES;
				COPY_PHASE_STRIP = NO;
				DEBUG_INFORMATION_FORMAT = "dwarf-with-dsym";
				ENABLE_NS_ASSERTIONS = NO;
				ENABLE_STRICT_OBJC_MSGSEND = YES;
				GCC_C_LANGUAGE_STANDARD = gnu11;
				GCC_NO_COMMON_BLOCKS = YES;
				GCC_WARN_64_TO_32_BIT_CONVERSION = YES;
				GCC_WARN_ABOUT_RETURN_TYPE = YES_ERROR;
				GCC_WARN_UNDECLARED_SELECTOR = YES;
				GCC_WARN_UNINITIALIZED_AUTOS = YES_AGGRESSIVE;
				GCC_WARN_UNUSED_FUNCTION = YES;
				GCC_WARN_UNUSED_VARIABLE = YES;
				IPHONEOS_DEPLOYMENT_TARGET = 14.5;
				MTL_ENABLE_DEBUG_INFO = NO;
				MTL_FAST_MATH = YES;
				SDKROOT = iphoneos;
				SWIFT_COMPILATION_MODE = wholemodule;
				SWIFT_OPTIMIZATION_LEVEL = "-O";
				VALIDATE_PRODUCT = YES;
			};
			name = Release;
		};
		31CE081926A15356001071DC /* Debug */ = {
			isa = XCBuildConfiguration;
			buildSettings = {
				ASSETCATALOG_COMPILER_APPICON_NAME = AppIcon;
				ASSETCATALOG_COMPILER_GLOBAL_ACCENT_COLOR_NAME = AccentColor;
				CODE_SIGN_STYLE = Automatic;
				DEVELOPMENT_TEAM = 7DY6Z945T9;
				INFOPLIST_FILE = cs193p2017Assignment/Info.plist;
				LD_RUNPATH_SEARCH_PATHS = (
					"$(inherited)",
					"@executable_path/Frameworks",
				);
				PRODUCT_BUNDLE_IDENTIFIER = klioop.cs193p2017Assignment;
				PRODUCT_NAME = "$(TARGET_NAME)";
				SWIFT_VERSION = 5.0;
				TARGETED_DEVICE_FAMILY = "1,2";
			};
			name = Debug;
		};
		31CE081A26A15356001071DC /* Release */ = {
			isa = XCBuildConfiguration;
			buildSettings = {
				ASSETCATALOG_COMPILER_APPICON_NAME = AppIcon;
				ASSETCATALOG_COMPILER_GLOBAL_ACCENT_COLOR_NAME = AccentColor;
				CODE_SIGN_STYLE = Automatic;
				DEVELOPMENT_TEAM = 7DY6Z945T9;
				INFOPLIST_FILE = cs193p2017Assignment/Info.plist;
				LD_RUNPATH_SEARCH_PATHS = (
					"$(inherited)",
					"@executable_path/Frameworks",
				);
				PRODUCT_BUNDLE_IDENTIFIER = klioop.cs193p2017Assignment;
				PRODUCT_NAME = "$(TARGET_NAME)";
				SWIFT_VERSION = 5.0;
				TARGETED_DEVICE_FAMILY = "1,2";
			};
			name = Release;
		};
/* End XCBuildConfiguration section */

/* Begin XCConfigurationList section */
		31CE07FF26A15352001071DC /* Build configuration list for PBXProject "cs193p2017Assignment" */ = {
			isa = XCConfigurationList;
			buildConfigurations = (
				31CE081626A15356001071DC /* Debug */,
				31CE081726A15356001071DC /* Release */,
			);
			defaultConfigurationIsVisible = 0;
			defaultConfigurationName = Release;
		};
		31CE081826A15356001071DC /* Build configuration list for PBXNativeTarget "cs193p2017Assignment" */ = {
			isa = XCConfigurationList;
			buildConfigurations = (
				31CE081926A15356001071DC /* Debug */,
				31CE081A26A15356001071DC /* Release */,
			);
			defaultConfigurationIsVisible = 0;
			defaultConfigurationName = Release;
		};
/* End XCConfigurationList section */
	};
	rootObject = 31CE07FC26A15352001071DC /* Project object */;
}
